PODS:
  - Alamofire (4.9.0)
  - Cuckoo (1.2.0):
    - Cuckoo/Swift (= 1.2.0)
  - Cuckoo/Swift (1.2.0)
  - Kingfisher (4.10.1)
  - Nimble (8.0.4)
  - Quick (2.2.0)
  - Realm (3.19.0):
    - Realm/Headers (= 3.19.0)
  - Realm/Headers (3.19.0)
  - RealmSwift (3.19.0):
    - Realm (= 3.19.0)
  - RxCocoa (5.0.0):
    - RxRelay (~> 5)
    - RxSwift (~> 5)
  - RxRelay (5.0.0):
    - RxSwift (~> 5)
  - RxSwift (5.0.0)
  - RxTest (5.0.0):
    - RxSwift (~> 5)
  - SnapKit (4.2.0)
  - youtube-ios-player-helper (0.1.6)

DEPENDENCIES:
  - Alamofire
  - Cuckoo
  - Kingfisher
  - Nimble
  - Quick
  - RealmSwift
  - RxCocoa
  - RxSwift
  - RxTest
  - SnapKit
  - youtube-ios-player-helper

SPEC REPOS:
  https://github.com/cocoapods/specs.git:
    - Alamofire
    - Cuckoo
    - Kingfisher
    - Nimble
    - Quick
    - Realm
    - RealmSwift
    - RxCocoa
    - RxRelay
    - RxSwift
    - RxTest
    - SnapKit
    - youtube-ios-player-helper

SPEC CHECKSUMS:
  Alamofire: afc3e7c6db61476cb45cdd23fed06bad03bbc321
  Cuckoo: f5f4e7c308c512cc2dedbdce23f5dc6985cb5173
  Kingfisher: c148cd7b47ebde9989f6bc7c27dcaa79d81279a0
  Nimble: 18d5360282923225d62b09d781f63abc1a0111fc
  Quick: 7fb19e13be07b5dfb3b90d4f9824c855a11af40e
  Realm: 995d585bcf699aaff226715886c849a29dd3d07f
  RealmSwift: 35f284a537989f2187b413e5917091948cb87a3f
  RxCocoa: fcf32050ac00d801f34a7f71d5e8e7f23026dcd8
  RxRelay: 4f7409406a51a55cd88483f21ed898c234d60f18
  RxSwift: 8b0671caa829a763bbce7271095859121cbd895f
  RxTest: 4349afe98f564e0a9bc19063368904622d17d49a
  SnapKit: fe8a619752f3f27075cc9a90244d75c6c3f27e2a
  youtube-ios-player-helper: 21ab92db027c7ff86cb17a3843a3f6eafc8158d2

PODFILE CHECKSUM: b393d8eabe865e5ab35e890312ba27707352b685

COCOAPODS: 1.7.4
